
Microsoft Visual Studio Solution File, Format Version 12.00
# Visual Studio 14
VisualStudioVersion = 14.0.25420.1
MinimumVisualStudioVersion = 10.0.40219.1
Project("{FAE04EC0-301F-11D3-BF4B-00C04F79EFBC}") = "Modelos", "Modelos\Modelos.csproj", "{64788D36-083D-44B1-9BDC-C95DAE32A4E2}"
EndProject
Project("{FAE04EC0-301F-11D3-BF4B-00C04F79EFBC}") = "Controller", "Controller\Controller.csproj", "{6A166FB8-A59C-4EF3-AE6F-1979B97DFB6A}"
EndProject
Project("{FAE04EC0-301F-11D3-BF4B-00C04F79EFBC}") = "ConsoleView", "ConsoleView\ConsoleView.csproj", "{57A5C257-6D15-4930-9CFB-92C35A429CD4}"
EndProject
Global
	GlobalSection(SolutionConfigurationPlatforms) = preSolution
		Debug|Any CPU = Debug|Any CPU
		Release|Any CPU = Release|Any CPU
	EndGlobalSection
	GlobalSection(ProjectConfigurationPlatforms) = postSolution
		{64788D36-083D-44B1-9BDC-C95DAE32A4E2}.Debug|Any CPU.ActiveCfg = Debug|Any CPU
		{64788D36-083D-44B1-9BDC-C95DAE32A4E2}.Debug|Any CPU.Build.0 = Debug|Any CPU
		{64788D36-083D-44B1-9BDC-C95DAE32A4E2}.Release|Any CPU.ActiveCfg = Release|Any CPU
		{64788D36-083D-44B1-9BDC-C95DAE32A4E2}.Release|Any CPU.Build.0 = Release|Any CPU
		{6A166FB8-A59C-4EF3-AE6F-1979B97DFB6A}.Debug|Any CPU.ActiveCfg = Debug|Any CPU
		{6A166FB8-A59C-4EF3-AE6F-1979B97DFB6A}.Debug|Any CPU.Build.0 = Debug|Any CPU
		{6A166FB8-A59C-4EF3-AE6F-1979B97DFB6A}.Release|Any CPU.ActiveCfg = Release|Any CPU
		{6A166FB8-A59C-4EF3-AE6F-1979B97DFB6A}.Release|Any CPU.Build.0 = Release|Any CPU
		{57A5C257-6D15-4930-9CFB-92C35A429CD4}.Debug|Any CPU.ActiveCfg = Debug|Any CPU
		{57A5C257-6D15-4930-9CFB-92C35A429CD4}.Debug|Any CPU.Build.0 = Debug|Any CPU
		{57A5C257-6D15-4930-9CFB-92C35A429CD4}.Release|Any CPU.ActiveCfg = Release|Any CPU
		{57A5C257-6D15-4930-9CFB-92C35A429CD4}.Release|Any CPU.Build.0 = Release|Any CPU
	EndGlobalSection
	GlobalSection(SolutionProperties) = preSolution
		HideSolutionNode = FALSE
	EndGlobalSection
EndGlobal
